study_id: n1-openhands-linear
rendered_at: '2026-06-17T14:43:02.280269Z'
design_sha: 68085f7ae3c6610469660c4647d0cc8a17c989fb
enrollment:
- run_id: 08c05957-d43b-4aa2-a122-d4c59db8d4cf
  cell: N1
  task: faad2.cve-2018-20196
  replicate: 0
  uv_lock_sha256: d40f029a976aa0fa02e0c8e88e34665e4bc7da301c748fc1a0752b19bce4ee70
  effective_config_path: effective_config.yaml
- run_id: c0f838f6-95c6-4ac9-9f83-2dd27905acd1
  cell: N1
  task: faad2.cve-2018-20196
  replicate: 0
  uv_lock_sha256: d40f029a976aa0fa02e0c8e88e34665e4bc7da301c748fc1a0752b19bce4ee70
  effective_config_path: effective_config.yaml
- run_id: f202c40c-e614-4e49-a3b3-84c0d2176847
  cell: N1
  task: faad2.cve-2018-20196
  replicate: 0
  uv_lock_sha256: d40f029a976aa0fa02e0c8e88e34665e4bc7da301c748fc1a0752b19bce4ee70
  effective_config_path: effective_config.yaml
- run_id: 3918fd7d-94f9-4a5f-925b-96b358dc2c38
  cell: N1
  task: faad2.cve-2018-20362
  replicate: 0
  uv_lock_sha256: d40f029a976aa0fa02e0c8e88e34665e4bc7da301c748fc1a0752b19bce4ee70
  effective_config_path: effective_config.yaml
- run_id: 3662e09b-ade7-4ead-a2dd-2562e3472f89
  cell: N1
  task: gpac.cve-2023-0866
  replicate: 0
  uv_lock_sha256: d40f029a976aa0fa02e0c8e88e34665e4bc7da301c748fc1a0752b19bce4ee70
  effective_config_path: effective_config.yaml
- run_id: 80748c8a-7ddc-4510-8838-0d7cdf458072
  cell: N1
  task: gpac.cve-2023-46001
  replicate: 0
  uv_lock_sha256: d40f029a976aa0fa02e0c8e88e34665e4bc7da301c748fc1a0752b19bce4ee70
  effective_config_path: effective_config.yaml
- run_id: bb340721-3e4a-40a9-9d2e-2253d8ffd92f
  cell: N1
  task: gpac.cve-2023-46001
  replicate: 0
  uv_lock_sha256: d40f029a976aa0fa02e0c8e88e34665e4bc7da301c748fc1a0752b19bce4ee70
  effective_config_path: effective_config.yaml
- run_id: c82d65d5-fb9c-4857-83d9-26e8e4d55412
  cell: N1
  task: gpac.cve-2023-46001
  replicate: 0
  uv_lock_sha256: d40f029a976aa0fa02e0c8e88e34665e4bc7da301c748fc1a0752b19bce4ee70
  effective_config_path: effective_config.yaml
- run_id: 25e35efc-9e92-475a-a0f5-d6faf67ae5b2
  cell: N1
  task: gpac.cve-2023-46927
  replicate: 0
  uv_lock_sha256: d40f029a976aa0fa02e0c8e88e34665e4bc7da301c748fc1a0752b19bce4ee70
  effective_config_path: effective_config.yaml
- run_id: 59a69cd5-aa92-415c-8f30-fcc089b0e498
  cell: N1
  task: gpac.cve-2023-46928
  replicate: 0
  uv_lock_sha256: d40f029a976aa0fa02e0c8e88e34665e4bc7da301c748fc1a0752b19bce4ee70
  effective_config_path: effective_config.yaml
- run_id: e48ead8c-ab66-4a6f-b186-8b88d12f6ea9
  cell: N1
  task: gpac.cve-2023-5586
  replicate: 0
  uv_lock_sha256: d40f029a976aa0fa02e0c8e88e34665e4bc7da301c748fc1a0752b19bce4ee70
  effective_config_path: effective_config.yaml
- run_id: 10305bd5-ad42-4751-b8dc-37120f926a05
  cell: N1
  task: gpac.cve-2024-0322
  replicate: 0
  uv_lock_sha256: d40f029a976aa0fa02e0c8e88e34665e4bc7da301c748fc1a0752b19bce4ee70
  effective_config_path: effective_config.yaml
- run_id: 20697ccb-e03d-4768-835a-fb0fdc89e551
  cell: N1
  task: imagemagick.cve-2017-12641
  replicate: 0
  uv_lock_sha256: d40f029a976aa0fa02e0c8e88e34665e4bc7da301c748fc1a0752b19bce4ee70
  effective_config_path: effective_config.yaml
- run_id: 4490fb61-d388-4ac3-9d23-01e2055807ab
  cell: N1
  task: imagemagick.cve-2017-12641
  replicate: 0
  uv_lock_sha256: d40f029a976aa0fa02e0c8e88e34665e4bc7da301c748fc1a0752b19bce4ee70
  effective_config_path: effective_config.yaml
- run_id: 471a3cf8-682a-4a69-8813-a887395f8767
  cell: N1
  task: imagemagick.cve-2017-12641
  replicate: 0
  uv_lock_sha256: d40f029a976aa0fa02e0c8e88e34665e4bc7da301c748fc1a0752b19bce4ee70
  effective_config_path: effective_config.yaml
- run_id: 4c7efc27-d10f-42ec-b2d7-e1a645907437
  cell: N1
  task: imagemagick.cve-2018-5248
  replicate: 0
  uv_lock_sha256: d40f029a976aa0fa02e0c8e88e34665e4bc7da301c748fc1a0752b19bce4ee70
  effective_config_path: effective_config.yaml
- run_id: cfc8318a-e085-4f26-92a4-1c756f2fbd48
  cell: N1
  task: imagemagick.cve-2018-6405
  replicate: 0
  uv_lock_sha256: d40f029a976aa0fa02e0c8e88e34665e4bc7da301c748fc1a0752b19bce4ee70
  effective_config_path: effective_config.yaml
- run_id: 466f3a15-9a51-4654-9d56-9fea554e6e71
  cell: N1
  task: imagemagick.cve-2019-13298
  replicate: 0
  uv_lock_sha256: d40f029a976aa0fa02e0c8e88e34665e4bc7da301c748fc1a0752b19bce4ee70
  effective_config_path: effective_config.yaml
- run_id: 51efbace-94d3-4bc3-a99c-077ee5519195
  cell: N1
  task: imagemagick.cve-2019-13302
  replicate: 0
  uv_lock_sha256: d40f029a976aa0fa02e0c8e88e34665e4bc7da301c748fc1a0752b19bce4ee70
  effective_config_path: effective_config.yaml
- run_id: 2cc44c1c-dc29-464c-a862-d2d1e75558ec
  cell: N1
  task: imagemagick.cve-2019-13305
  replicate: 0
  uv_lock_sha256: d40f029a976aa0fa02e0c8e88e34665e4bc7da301c748fc1a0752b19bce4ee70
  effective_config_path: effective_config.yaml
- run_id: 6cfe373e-e4ac-4b95-89b8-7d44ea45517b
  cell: N1
  task: libarchive.cve-2020-21674
  replicate: 0
  uv_lock_sha256: d40f029a976aa0fa02e0c8e88e34665e4bc7da301c748fc1a0752b19bce4ee70
  effective_config_path: effective_config.yaml
- run_id: 93c0d761-f2c2-4356-b314-f51bdfa6690e
  cell: N1
  task: libarchive.cve-2020-21674
  replicate: 0
  uv_lock_sha256: d40f029a976aa0fa02e0c8e88e34665e4bc7da301c748fc1a0752b19bce4ee70
  effective_config_path: effective_config.yaml
- run_id: 9a6b1cfd-90a5-4377-afb9-bb8b1f3e61d8
  cell: N1
  task: libarchive.cve-2020-21674
  replicate: 0
  uv_lock_sha256: d40f029a976aa0fa02e0c8e88e34665e4bc7da301c748fc1a0752b19bce4ee70
  effective_config_path: effective_config.yaml
- run_id: 5a972f72-9dce-43dc-b99a-fc5c73923966
  cell: N1
  task: libredwg.cve-2020-21818
  replicate: 0
  uv_lock_sha256: d40f029a976aa0fa02e0c8e88e34665e4bc7da301c748fc1a0752b19bce4ee70
  effective_config_path: effective_config.yaml
- run_id: c8137a8f-32a9-4fe2-893d-2124fe77b5a8
  cell: N1
  task: libredwg.cve-2020-21818
  replicate: 0
  uv_lock_sha256: d40f029a976aa0fa02e0c8e88e34665e4bc7da301c748fc1a0752b19bce4ee70
  effective_config_path: effective_config.yaml
- run_id: a51d179b-f70c-407c-a200-baa87af640d0
  cell: N1
  task: libredwg.cve-2020-21819
  replicate: 0
  uv_lock_sha256: d40f029a976aa0fa02e0c8e88e34665e4bc7da301c748fc1a0752b19bce4ee70
  effective_config_path: effective_config.yaml
- run_id: c5c77b5b-c4d3-4bcf-b320-920501cbc117
  cell: N1
  task: libxml2.ossfuzz-424627219
  replicate: 0
  uv_lock_sha256: d40f029a976aa0fa02e0c8e88e34665e4bc7da301c748fc1a0752b19bce4ee70
  effective_config_path: effective_config.yaml
- run_id: d8d2e7f2-c756-46bc-9fbd-e095f3455e19
  cell: N1
  task: libxml2.ossfuzz-424627221
  replicate: 0
  uv_lock_sha256: d40f029a976aa0fa02e0c8e88e34665e4bc7da301c748fc1a0752b19bce4ee70
  effective_config_path: effective_config.yaml
- run_id: 1a97a0ff-bc44-4682-8b45-ed04574aa071
  cell: N1
  task: libxml2.ossfuzz-42496802
  replicate: 0
  uv_lock_sha256: d40f029a976aa0fa02e0c8e88e34665e4bc7da301c748fc1a0752b19bce4ee70
  effective_config_path: effective_config.yaml
- run_id: 2cb5f773-fff2-46b4-b4a4-e55d76315d80
  cell: N1
  task: libxml2.ossfuzz-42496802
  replicate: 0
  uv_lock_sha256: d40f029a976aa0fa02e0c8e88e34665e4bc7da301c748fc1a0752b19bce4ee70
  effective_config_path: effective_config.yaml
- run_id: 2ebe63b9-0c87-4aec-88b9-fbec8f761060
  cell: N1
  task: libxml2.ossfuzz-42496802
  replicate: 0
  uv_lock_sha256: d40f029a976aa0fa02e0c8e88e34665e4bc7da301c748fc1a0752b19bce4ee70
  effective_config_path: effective_config.yaml
- run_id: ce0a8c8e-9ee3-49cf-aee9-07602e816280
  cell: N1
  task: libxml2.ossfuzz-42496802
  replicate: 0
  uv_lock_sha256: d40f029a976aa0fa02e0c8e88e34665e4bc7da301c748fc1a0752b19bce4ee70
  effective_config_path: effective_config.yaml
- run_id: 55f974ab-9832-4a07-bb36-55ad4158e8c0
  cell: N1
  task: libxml2.ossfuzz-42522440
  replicate: 0
  uv_lock_sha256: d40f029a976aa0fa02e0c8e88e34665e4bc7da301c748fc1a0752b19bce4ee70
  effective_config_path: effective_config.yaml
- run_id: 55ed9562-cb51-4679-b953-09bfc30aec58
  cell: N1
  task: libxml2.ossfuzz-42522712
  replicate: 0
  uv_lock_sha256: d40f029a976aa0fa02e0c8e88e34665e4bc7da301c748fc1a0752b19bce4ee70
  effective_config_path: effective_config.yaml
- run_id: 8d63da1e-bed0-4d48-9013-471111e1062e
  cell: N1
  task: libxml2.ossfuzz-42525197
  replicate: 0
  uv_lock_sha256: d40f029a976aa0fa02e0c8e88e34665e4bc7da301c748fc1a0752b19bce4ee70
  effective_config_path: effective_config.yaml
- run_id: 8de1f06e-d1df-44c0-a774-1c359e7a9a2d
  cell: N1
  task: libxml2.ossfuzz-42527008
  replicate: 0
  uv_lock_sha256: d40f029a976aa0fa02e0c8e88e34665e4bc7da301c748fc1a0752b19bce4ee70
  effective_config_path: effective_config.yaml
- run_id: 29344d95-817b-4880-9f75-8ef81c91d731
  cell: N1
  task: libxml2.ossfuzz-42531092
  replicate: 0
  uv_lock_sha256: d40f029a976aa0fa02e0c8e88e34665e4bc7da301c748fc1a0752b19bce4ee70
  effective_config_path: effective_config.yaml
- run_id: 32a933fa-89a9-4251-a910-8a6fd694a779
  cell: N1
  task: libxml2.ossfuzz-42537493
  replicate: 0
  uv_lock_sha256: d40f029a976aa0fa02e0c8e88e34665e4bc7da301c748fc1a0752b19bce4ee70
  effective_config_path: effective_config.yaml
- run_id: 83b75d16-fd59-4391-8164-551cfe84dde8
  cell: N1
  task: matio.cve-2019-9037
  replicate: 0
  uv_lock_sha256: d40f029a976aa0fa02e0c8e88e34665e4bc7da301c748fc1a0752b19bce4ee70
  effective_config_path: effective_config.yaml
- run_id: a614d887-c7b6-475c-87b6-fd45e506f5d4
  cell: N1
  task: matio.cve-2019-9037
  replicate: 0
  uv_lock_sha256: d40f029a976aa0fa02e0c8e88e34665e4bc7da301c748fc1a0752b19bce4ee70
  effective_config_path: effective_config.yaml
- run_id: cb3e18b6-8728-4b47-8bcb-6a5371301787
  cell: N1
  task: matio.cve-2019-9037
  replicate: 0
  uv_lock_sha256: d40f029a976aa0fa02e0c8e88e34665e4bc7da301c748fc1a0752b19bce4ee70
  effective_config_path: effective_config.yaml
- run_id: 0df1634b-0c29-47cd-820c-33a1cb25abfb
  cell: N1
  task: md4c.cve-2021-30027
  replicate: 0
  uv_lock_sha256: d40f029a976aa0fa02e0c8e88e34665e4bc7da301c748fc1a0752b19bce4ee70
  effective_config_path: effective_config.yaml
- run_id: 449533ca-56f5-42fe-82c9-3429145203fe
  cell: N1
  task: md4c.cve-2021-30027
  replicate: 0
  uv_lock_sha256: d40f029a976aa0fa02e0c8e88e34665e4bc7da301c748fc1a0752b19bce4ee70
  effective_config_path: effective_config.yaml
- run_id: e5f2e32b-9455-4352-bfab-ba87600f5d35
  cell: N1
  task: md4c.cve-2021-30027
  replicate: 0
  uv_lock_sha256: d40f029a976aa0fa02e0c8e88e34665e4bc7da301c748fc1a0752b19bce4ee70
  effective_config_path: effective_config.yaml
- run_id: 5048c93e-f163-45b0-b825-d249cb7a2fae
  cell: N1
  task: mruby.ossfuzz-42497373
  replicate: 0
  uv_lock_sha256: d40f029a976aa0fa02e0c8e88e34665e4bc7da301c748fc1a0752b19bce4ee70
  effective_config_path: effective_config.yaml
- run_id: 5398d9ee-7bea-42e1-a5a8-709aaa1a2ec5
  cell: N1
  task: mruby.ossfuzz-42497373
  replicate: 0
  uv_lock_sha256: d40f029a976aa0fa02e0c8e88e34665e4bc7da301c748fc1a0752b19bce4ee70
  effective_config_path: effective_config.yaml
- run_id: 51513bc6-2901-4461-a62b-c9dd1e4d3a58
  cell: N1
  task: mruby.ossfuzz-42501420
  replicate: 0
  uv_lock_sha256: d40f029a976aa0fa02e0c8e88e34665e4bc7da301c748fc1a0752b19bce4ee70
  effective_config_path: effective_config.yaml
- run_id: 8f4a831e-621c-4a0b-a419-3cc273d22354
  cell: N1
  task: mruby.ossfuzz-42503243
  replicate: 0
  uv_lock_sha256: d40f029a976aa0fa02e0c8e88e34665e4bc7da301c748fc1a0752b19bce4ee70
  effective_config_path: effective_config.yaml
- run_id: 8521eef2-7a81-493f-8bcf-4c31b860f825
  cell: N1
  task: mruby.ossfuzz-42511322
  replicate: 0
  uv_lock_sha256: d40f029a976aa0fa02e0c8e88e34665e4bc7da301c748fc1a0752b19bce4ee70
  effective_config_path: effective_config.yaml
- run_id: 8bdad110-7a27-4330-9b3d-6bda40582050
  cell: N1
  task: mruby.ossfuzz-42532420
  replicate: 0
  uv_lock_sha256: d40f029a976aa0fa02e0c8e88e34665e4bc7da301c748fc1a0752b19bce4ee70
  effective_config_path: effective_config.yaml
- run_id: a7441df6-eda9-4917-b2d0-efb7cf608bf2
  cell: N1
  task: mupdf.ossfuzz-42520029
  replicate: 0
  uv_lock_sha256: d40f029a976aa0fa02e0c8e88e34665e4bc7da301c748fc1a0752b19bce4ee70
  effective_config_path: effective_config.yaml
- run_id: 5cbeac20-22ba-4f74-a995-9802fcaf928b
  cell: N1
  task: njs.cve-2020-24348
  replicate: 0
  uv_lock_sha256: d40f029a976aa0fa02e0c8e88e34665e4bc7da301c748fc1a0752b19bce4ee70
  effective_config_path: effective_config.yaml
- run_id: 914dfe64-fcc3-442c-be05-5a7cde8479cf
  cell: N1
  task: njs.cve-2020-24348
  replicate: 0
  uv_lock_sha256: d40f029a976aa0fa02e0c8e88e34665e4bc7da301c748fc1a0752b19bce4ee70
  effective_config_path: effective_config.yaml
- run_id: a24566d9-bb31-483f-b6ea-df4f8f0135a9
  cell: N1
  task: njs.cve-2022-32414
  replicate: 0
  uv_lock_sha256: d40f029a976aa0fa02e0c8e88e34665e4bc7da301c748fc1a0752b19bce4ee70
  effective_config_path: effective_config.yaml
- run_id: 1f7c06df-f715-4f6d-8394-44522f128f61
  cell: N1
  task: openexr.cve-2020-16589
  replicate: 0
  uv_lock_sha256: d40f029a976aa0fa02e0c8e88e34665e4bc7da301c748fc1a0752b19bce4ee70
  effective_config_path: effective_config.yaml
- run_id: 356d1896-d0a0-4383-a214-9b2f0cbd9be5
  cell: N1
  task: openexr.cve-2020-16589
  replicate: 0
  uv_lock_sha256: d40f029a976aa0fa02e0c8e88e34665e4bc7da301c748fc1a0752b19bce4ee70
  effective_config_path: effective_config.yaml
- run_id: b120acbb-b18d-4b5b-84b2-c8a7ac00896b
  cell: N1
  task: openexr.cve-2020-16589
  replicate: 0
  uv_lock_sha256: d40f029a976aa0fa02e0c8e88e34665e4bc7da301c748fc1a0752b19bce4ee70
  effective_config_path: effective_config.yaml
- run_id: db215e1c-f956-4d35-a455-ea6703c4903c
  cell: N1
  task: openexr.cve-2020-16589
  replicate: 0
  uv_lock_sha256: d40f029a976aa0fa02e0c8e88e34665e4bc7da301c748fc1a0752b19bce4ee70
  effective_config_path: effective_config.yaml
- run_id: aaffde28-9610-4c5f-951a-090a5b0b6132
  cell: N1
  task: openexr.ossfuzz-42524709
  replicate: 0
  uv_lock_sha256: d40f029a976aa0fa02e0c8e88e34665e4bc7da301c748fc1a0752b19bce4ee70
  effective_config_path: effective_config.yaml
- run_id: bbcfa51b-cc03-47e4-96d2-e01b08395dc1
  cell: N1
  task: openexr.ossfuzz-42524709
  replicate: 0
  uv_lock_sha256: d40f029a976aa0fa02e0c8e88e34665e4bc7da301c748fc1a0752b19bce4ee70
  effective_config_path: effective_config.yaml
- run_id: 6cd6ddd8-83b6-4ded-8ae8-895993da0761
  cell: N1
  task: openjpeg.cve-2017-14041
  replicate: 0
  uv_lock_sha256: d40f029a976aa0fa02e0c8e88e34665e4bc7da301c748fc1a0752b19bce4ee70
  effective_config_path: effective_config.yaml
- run_id: a482a565-1f31-4df0-8a34-77d644a418e0
  cell: N1
  task: openjpeg.cve-2017-14041
  replicate: 0
  uv_lock_sha256: d40f029a976aa0fa02e0c8e88e34665e4bc7da301c748fc1a0752b19bce4ee70
  effective_config_path: effective_config.yaml
- run_id: 0f4df453-d7a1-4bcf-9162-1e19975cccc9
  cell: N1
  task: openjpeg.cve-2024-56827
  replicate: 0
  uv_lock_sha256: d40f029a976aa0fa02e0c8e88e34665e4bc7da301c748fc1a0752b19bce4ee70
  effective_config_path: effective_config.yaml
- run_id: 40fdd3d5-2457-4d13-b08f-a0f1382ce675
  cell: N1
  task: php.cve-2017-12933
  replicate: 0
  uv_lock_sha256: d40f029a976aa0fa02e0c8e88e34665e4bc7da301c748fc1a0752b19bce4ee70
  effective_config_path: effective_config.yaml
- run_id: 8b624b1e-259e-43ac-81e5-c4b0021a19c3
  cell: N1
  task: php.cve-2017-12933
  replicate: 0
  uv_lock_sha256: d40f029a976aa0fa02e0c8e88e34665e4bc7da301c748fc1a0752b19bce4ee70
  effective_config_path: effective_config.yaml
- run_id: 98e31b3d-a591-4198-aaff-45460649b871
  cell: N1
  task: php.cve-2017-12933
  replicate: 0
  uv_lock_sha256: d40f029a976aa0fa02e0c8e88e34665e4bc7da301c748fc1a0752b19bce4ee70
  effective_config_path: effective_config.yaml
- run_id: 9eaba24e-124e-4a7b-9d1d-dbac99a36100
  cell: N1
  task: php.ossfuzz-42485988
  replicate: 0
  uv_lock_sha256: d40f029a976aa0fa02e0c8e88e34665e4bc7da301c748fc1a0752b19bce4ee70
  effective_config_path: effective_config.yaml
- run_id: 7371068e-bb16-443a-bd5e-35f168030eb8
  cell: N1
  task: php.ossfuzz-42491690
  replicate: 0
  uv_lock_sha256: d40f029a976aa0fa02e0c8e88e34665e4bc7da301c748fc1a0752b19bce4ee70
  effective_config_path: effective_config.yaml
- run_id: 61743641-fe85-4e4f-95e2-76ae63b34e65
  cell: N1
  task: php.ossfuzz-42527736
  replicate: 0
  uv_lock_sha256: d40f029a976aa0fa02e0c8e88e34665e4bc7da301c748fc1a0752b19bce4ee70
  effective_config_path: effective_config.yaml
- run_id: 9178b294-7aac-4bfb-8336-ad8287bac51a
  cell: N1
  task: readstat.cve-2018-5698
  replicate: 0
  uv_lock_sha256: d40f029a976aa0fa02e0c8e88e34665e4bc7da301c748fc1a0752b19bce4ee70
  effective_config_path: effective_config.yaml
- run_id: c8b4bacf-d8c0-4488-aa67-d8724a930e85
  cell: N1
  task: readstat.cve-2018-5698
  replicate: 0
  uv_lock_sha256: d40f029a976aa0fa02e0c8e88e34665e4bc7da301c748fc1a0752b19bce4ee70
  effective_config_path: effective_config.yaml
- run_id: eba35f96-b213-4d81-8a61-e0c53e15d20b
  cell: N1
  task: readstat.cve-2018-5698
  replicate: 0
  uv_lock_sha256: d40f029a976aa0fa02e0c8e88e34665e4bc7da301c748fc1a0752b19bce4ee70
  effective_config_path: effective_config.yaml
- run_id: f9d0a031-e998-4e02-babe-ebd570a9cc8f
  cell: N1
  task: upx.ossfuzz-402200343
  replicate: 0
  uv_lock_sha256: d40f029a976aa0fa02e0c8e88e34665e4bc7da301c748fc1a0752b19bce4ee70
  effective_config_path: effective_config.yaml
- run_id: 2ef18bb5-4c97-4dbc-b3ff-59ccba199dd4
  cell: N1
  task: upx.ossfuzz-42531653
  replicate: 0
  uv_lock_sha256: d40f029a976aa0fa02e0c8e88e34665e4bc7da301c748fc1a0752b19bce4ee70
  effective_config_path: effective_config.yaml
- run_id: 3efbe6ce-f98e-4519-9f77-e7a19b39460a
  cell: N1
  task: upx.ossfuzz-42531672
  replicate: 0
  uv_lock_sha256: d40f029a976aa0fa02e0c8e88e34665e4bc7da301c748fc1a0752b19bce4ee70
  effective_config_path: effective_config.yaml
- run_id: af306d02-35df-4a45-9d5c-aa008aa44bae
  cell: N1
  task: upx.ossfuzz-42531672
  replicate: 0
  uv_lock_sha256: d40f029a976aa0fa02e0c8e88e34665e4bc7da301c748fc1a0752b19bce4ee70
  effective_config_path: effective_config.yaml
- run_id: 5e277a92-d9cf-4ef9-a6b1-50b9180f66b5
  cell: N1
  task: wasm3.ossfuzz-42495624
  replicate: 0
  uv_lock_sha256: d40f029a976aa0fa02e0c8e88e34665e4bc7da301c748fc1a0752b19bce4ee70
  effective_config_path: effective_config.yaml
- run_id: 8951c17d-ac73-48f2-9720-e626d07d4070
  cell: N1
  task: wasm3.ossfuzz-42495624
  replicate: 0
  uv_lock_sha256: d40f029a976aa0fa02e0c8e88e34665e4bc7da301c748fc1a0752b19bce4ee70
  effective_config_path: effective_config.yaml
- run_id: 3c5001b2-509a-40a2-a129-13747ef443c1
  cell: N1
  task: yara.cve-2023-40857
  replicate: 0
  uv_lock_sha256: d40f029a976aa0fa02e0c8e88e34665e4bc7da301c748fc1a0752b19bce4ee70
  effective_config_path: effective_config.yaml
- run_id: 41c30c6b-10f6-4984-bb95-701b88bcb80f
  cell: N1
  task: yara.cve-2023-40857
  replicate: 0
  uv_lock_sha256: d40f029a976aa0fa02e0c8e88e34665e4bc7da301c748fc1a0752b19bce4ee70
  effective_config_path: effective_config.yaml
