study_id: b4-boss-manager-worker
rendered_at: '2026-06-10T22:31:31.448554Z'
design_sha: c61712ffadb21e0964d2fef11b947a37b3cbdcbb
enrollment:
- run_id: 02917675-a0bc-4fcf-a399-de242d7ff3d7
  cell: B4
  task: faad2.cve-2018-20196
  replicate: 0
  uv_lock_sha256: d40f029a976aa0fa02e0c8e88e34665e4bc7da301c748fc1a0752b19bce4ee70
  effective_config_path: effective_config.yaml
- run_id: 13d769c6-b7ba-49c7-a65e-c65ad8c0450c
  cell: B4
  task: faad2.cve-2018-20196
  replicate: 0
  uv_lock_sha256: d40f029a976aa0fa02e0c8e88e34665e4bc7da301c748fc1a0752b19bce4ee70
  effective_config_path: effective_config.yaml
- run_id: 87788cd6-be37-490e-8cff-5004625a270c
  cell: B4
  task: faad2.cve-2018-20196
  replicate: 0
  uv_lock_sha256: d40f029a976aa0fa02e0c8e88e34665e4bc7da301c748fc1a0752b19bce4ee70
  effective_config_path: effective_config.yaml
- run_id: 8cb3ee43-0b9b-4218-98bd-8edc50c15fb0
  cell: B4
  task: faad2.cve-2018-20196
  replicate: 0
  uv_lock_sha256: d40f029a976aa0fa02e0c8e88e34665e4bc7da301c748fc1a0752b19bce4ee70
  effective_config_path: effective_config.yaml
- run_id: bb7e0f2e-b02d-4b91-ba62-6048d2cf6312
  cell: B4
  task: faad2.cve-2018-20196
  replicate: 0
  uv_lock_sha256: d40f029a976aa0fa02e0c8e88e34665e4bc7da301c748fc1a0752b19bce4ee70
  effective_config_path: effective_config.yaml
- run_id: da507780-2f56-4f40-b360-cc4c50a17d31
  cell: B4
  task: faad2.cve-2018-20196
  replicate: 0
  uv_lock_sha256: d40f029a976aa0fa02e0c8e88e34665e4bc7da301c748fc1a0752b19bce4ee70
  effective_config_path: effective_config.yaml
- run_id: f8508971-7b6e-4862-9d95-36d1938e0539
  cell: B4
  task: faad2.cve-2018-20196
  replicate: 0
  uv_lock_sha256: d40f029a976aa0fa02e0c8e88e34665e4bc7da301c748fc1a0752b19bce4ee70
  effective_config_path: effective_config.yaml
- run_id: 06cee35d-43d2-40b1-8e10-efdc551e4406
  cell: B4
  task: openexr.cve-2020-16589
  replicate: 0
  uv_lock_sha256: d40f029a976aa0fa02e0c8e88e34665e4bc7da301c748fc1a0752b19bce4ee70
  effective_config_path: effective_config.yaml
- run_id: 1e66f12a-4d79-4752-a86e-d6fd61743927
  cell: B4
  task: openexr.cve-2020-16589
  replicate: 0
  uv_lock_sha256: d40f029a976aa0fa02e0c8e88e34665e4bc7da301c748fc1a0752b19bce4ee70
  effective_config_path: effective_config.yaml
- run_id: 6bd5ae39-5e1a-4300-97d0-257b283b3c15
  cell: B4
  task: openexr.cve-2020-16589
  replicate: 0
  uv_lock_sha256: d40f029a976aa0fa02e0c8e88e34665e4bc7da301c748fc1a0752b19bce4ee70
  effective_config_path: effective_config.yaml
- run_id: 93bc4d31-5ebe-4737-8960-6bc62b01ef58
  cell: B4
  task: openexr.cve-2020-16589
  replicate: 0
  uv_lock_sha256: d40f029a976aa0fa02e0c8e88e34665e4bc7da301c748fc1a0752b19bce4ee70
  effective_config_path: effective_config.yaml
- run_id: 93effeed-04c2-4139-9525-041225d85a62
  cell: B4
  task: openexr.cve-2020-16589
  replicate: 0
  uv_lock_sha256: d40f029a976aa0fa02e0c8e88e34665e4bc7da301c748fc1a0752b19bce4ee70
  effective_config_path: effective_config.yaml
- run_id: b303efdb-4028-4608-9a8d-8de799df5817
  cell: B4
  task: openexr.cve-2020-16589
  replicate: 0
  uv_lock_sha256: d40f029a976aa0fa02e0c8e88e34665e4bc7da301c748fc1a0752b19bce4ee70
  effective_config_path: effective_config.yaml
- run_id: ccd83f81-1559-4809-be21-ec65b7a16e84
  cell: B4
  task: openexr.cve-2020-16589
  replicate: 0
  uv_lock_sha256: d40f029a976aa0fa02e0c8e88e34665e4bc7da301c748fc1a0752b19bce4ee70
  effective_config_path: effective_config.yaml
