study_id: b1-batch-autogen
rendered_at: '2026-05-17T03:40:11.727046Z'
design_sha: 6c528d5d6311ad88ad13233081b589c4c9ce7011
enrollment:
- run_id: 62353082-ead3-4850-aedb-0e5638436d4e
  cell: B1
  task: exiv2.cve-2017-14857
  replicate: 0
  uv_lock_sha256: d40f029a976aa0fa02e0c8e88e34665e4bc7da301c748fc1a0752b19bce4ee70
  effective_config_path: effective_config.yaml
- run_id: 7a4ecbec-c551-4d59-b0ee-c7cfefec550e
  cell: B1
  task: exiv2.cve-2017-14859
  replicate: 0
  uv_lock_sha256: d40f029a976aa0fa02e0c8e88e34665e4bc7da301c748fc1a0752b19bce4ee70
  effective_config_path: effective_config.yaml
- run_id: 9ae66098-c667-4df1-9315-c3715618682b
  cell: B1
  task: exiv2.cve-2017-14864
  replicate: 0
  uv_lock_sha256: d40f029a976aa0fa02e0c8e88e34665e4bc7da301c748fc1a0752b19bce4ee70
  effective_config_path: effective_config.yaml
- run_id: 92960c1a-7204-4b3d-88b7-22be1a45a964
  cell: B1
  task: exiv2.cve-2017-17669
  replicate: 0
  uv_lock_sha256: d40f029a976aa0fa02e0c8e88e34665e4bc7da301c748fc1a0752b19bce4ee70
  effective_config_path: effective_config.yaml
- run_id: 94871017-48fe-4d91-8f44-634cf00a5c06
  cell: B1
  task: exiv2.cve-2017-17723
  replicate: 0
  uv_lock_sha256: d40f029a976aa0fa02e0c8e88e34665e4bc7da301c748fc1a0752b19bce4ee70
  effective_config_path: effective_config.yaml
- run_id: 093a6eb7-0458-48bf-837b-2e1cada52af3
  cell: B1
  task: exiv2.cve-2017-18005
  replicate: 0
  uv_lock_sha256: d40f029a976aa0fa02e0c8e88e34665e4bc7da301c748fc1a0752b19bce4ee70
  effective_config_path: effective_config.yaml
- run_id: a8b8accc-caa1-426c-882b-9653afec7c05
  cell: B1
  task: exiv2.cve-2018-17229
  replicate: 0
  uv_lock_sha256: d40f029a976aa0fa02e0c8e88e34665e4bc7da301c748fc1a0752b19bce4ee70
  effective_config_path: effective_config.yaml
- run_id: ad1ac770-f7f0-4d0e-b936-74c485243b25
  cell: B1
  task: exiv2.cve-2018-17230
  replicate: 0
  uv_lock_sha256: d40f029a976aa0fa02e0c8e88e34665e4bc7da301c748fc1a0752b19bce4ee70
  effective_config_path: effective_config.yaml
- run_id: 5c277eb6-1022-4f5c-b1ab-bb90c8b4fb6f
  cell: B1
  task: exiv2.cve-2018-19607
  replicate: 0
  uv_lock_sha256: d40f029a976aa0fa02e0c8e88e34665e4bc7da301c748fc1a0752b19bce4ee70
  effective_config_path: effective_config.yaml
- run_id: b41fd62d-7393-4d68-ad9c-a746b334dd58
  cell: B1
  task: exiv2.cve-2020-18899
  replicate: 0
  uv_lock_sha256: d40f029a976aa0fa02e0c8e88e34665e4bc7da301c748fc1a0752b19bce4ee70
  effective_config_path: effective_config.yaml
- run_id: ae19708e-db56-4317-8e89-fc315aa58ca0
  cell: B1
  task: faad2.cve-2018-20194
  replicate: 0
  uv_lock_sha256: d40f029a976aa0fa02e0c8e88e34665e4bc7da301c748fc1a0752b19bce4ee70
  effective_config_path: effective_config.yaml
- run_id: 86bdfc86-f5f1-4f6e-ac3f-4c0a7635e804
  cell: B1
  task: faad2.cve-2018-20195
  replicate: 0
  uv_lock_sha256: d40f029a976aa0fa02e0c8e88e34665e4bc7da301c748fc1a0752b19bce4ee70
  effective_config_path: effective_config.yaml
- run_id: 11f67531-cf9a-48b0-a46b-e84dd2c20b9c
  cell: B1
  task: faad2.cve-2018-20196
  replicate: 0
  uv_lock_sha256: d40f029a976aa0fa02e0c8e88e34665e4bc7da301c748fc1a0752b19bce4ee70
  effective_config_path: effective_config.yaml
- run_id: 052112e1-f127-49ee-a637-e31c01151388
  cell: B1
  task: faad2.cve-2018-20197
  replicate: 0
  uv_lock_sha256: d40f029a976aa0fa02e0c8e88e34665e4bc7da301c748fc1a0752b19bce4ee70
  effective_config_path: effective_config.yaml
- run_id: 474a6e76-2c22-49d8-a275-5e040e1979bd
  cell: B1
  task: faad2.cve-2018-20198
  replicate: 0
  uv_lock_sha256: d40f029a976aa0fa02e0c8e88e34665e4bc7da301c748fc1a0752b19bce4ee70
  effective_config_path: effective_config.yaml
- run_id: 9a48fcea-080d-4d86-a944-ec5e275cb0d0
  cell: B1
  task: faad2.cve-2018-20357
  replicate: 0
  uv_lock_sha256: d40f029a976aa0fa02e0c8e88e34665e4bc7da301c748fc1a0752b19bce4ee70
  effective_config_path: effective_config.yaml
- run_id: a4257f01-724d-4731-95a1-37393ad54d35
  cell: B1
  task: faad2.cve-2018-20358
  replicate: 0
  uv_lock_sha256: d40f029a976aa0fa02e0c8e88e34665e4bc7da301c748fc1a0752b19bce4ee70
  effective_config_path: effective_config.yaml
- run_id: 93eb0a97-03dc-4b13-a5ed-75e6b92c0862
  cell: B1
  task: faad2.cve-2018-20359
  replicate: 0
  uv_lock_sha256: d40f029a976aa0fa02e0c8e88e34665e4bc7da301c748fc1a0752b19bce4ee70
  effective_config_path: effective_config.yaml
- run_id: 80c614a5-a00e-47a1-a3da-d7db75831f20
  cell: B1
  task: faad2.cve-2018-20361
  replicate: 0
  uv_lock_sha256: d40f029a976aa0fa02e0c8e88e34665e4bc7da301c748fc1a0752b19bce4ee70
  effective_config_path: effective_config.yaml
- run_id: 6859ebea-a71a-4d9b-9493-e036c36b99c6
  cell: B1
  task: faad2.cve-2018-20362
  replicate: 0
  uv_lock_sha256: d40f029a976aa0fa02e0c8e88e34665e4bc7da301c748fc1a0752b19bce4ee70
  effective_config_path: effective_config.yaml
- run_id: 1fc5fb4b-8366-480f-ba49-a63c760dce74
  cell: B1
  task: faad2.cve-2021-32272
  replicate: 0
  uv_lock_sha256: d40f029a976aa0fa02e0c8e88e34665e4bc7da301c748fc1a0752b19bce4ee70
  effective_config_path: effective_config.yaml
- run_id: 1e7b6045-a7ef-4b42-8a14-bf217fc29cc7
  cell: B1
  task: faad2.cve-2021-32278
  replicate: 0
  uv_lock_sha256: d40f029a976aa0fa02e0c8e88e34665e4bc7da301c748fc1a0752b19bce4ee70
  effective_config_path: effective_config.yaml
- run_id: a09f5444-7a41-4649-a878-3da9651cb397
  cell: B1
  task: gpac.cve-2021-32437
  replicate: 0
  uv_lock_sha256: d40f029a976aa0fa02e0c8e88e34665e4bc7da301c748fc1a0752b19bce4ee70
  effective_config_path: effective_config.yaml
- run_id: 32cccae7-4730-4e8c-a635-8a2fea54ef08
  cell: B1
  task: gpac.cve-2021-32438
  replicate: 0
  uv_lock_sha256: d40f029a976aa0fa02e0c8e88e34665e4bc7da301c748fc1a0752b19bce4ee70
  effective_config_path: effective_config.yaml
- run_id: b5bada2d-b2c2-4a02-8113-dcff4601a151
  cell: B1
  task: gpac.cve-2021-32439
  replicate: 0
  uv_lock_sha256: d40f029a976aa0fa02e0c8e88e34665e4bc7da301c748fc1a0752b19bce4ee70
  effective_config_path: effective_config.yaml
- run_id: b0aa057f-ef2f-4097-861d-310286fcc715
  cell: B1
  task: gpac.cve-2021-32440
  replicate: 0
  uv_lock_sha256: d40f029a976aa0fa02e0c8e88e34665e4bc7da301c748fc1a0752b19bce4ee70
  effective_config_path: effective_config.yaml
- run_id: 426a36aa-919a-4f5b-a181-c60d10fd4894
  cell: B1
  task: gpac.cve-2021-40566
  replicate: 0
  uv_lock_sha256: d40f029a976aa0fa02e0c8e88e34665e4bc7da301c748fc1a0752b19bce4ee70
  effective_config_path: effective_config.yaml
- run_id: 26746acc-33d6-4bb1-bff9-9d8a23a225c1
  cell: B1
  task: gpac.cve-2021-40575
  replicate: 0
  uv_lock_sha256: d40f029a976aa0fa02e0c8e88e34665e4bc7da301c748fc1a0752b19bce4ee70
  effective_config_path: effective_config.yaml
- run_id: 37859534-f70b-4cc5-9774-6259ef69a223
  cell: B1
  task: gpac.cve-2022-1795
  replicate: 0
  uv_lock_sha256: d40f029a976aa0fa02e0c8e88e34665e4bc7da301c748fc1a0752b19bce4ee70
  effective_config_path: effective_config.yaml
- run_id: 60de8530-8a2b-493b-8c19-285185a788f5
  cell: B1
  task: gpac.cve-2022-2453
  replicate: 0
  uv_lock_sha256: d40f029a976aa0fa02e0c8e88e34665e4bc7da301c748fc1a0752b19bce4ee70
  effective_config_path: effective_config.yaml
- run_id: ae1caf42-cc17-4f41-b50b-d08d4dc8b3aa
  cell: B1
  task: gpac.cve-2022-2454
  replicate: 0
  uv_lock_sha256: d40f029a976aa0fa02e0c8e88e34665e4bc7da301c748fc1a0752b19bce4ee70
  effective_config_path: effective_config.yaml
- run_id: fea01976-ce32-4173-a1e6-32dde297a8ea
  cell: B1
  task: gpac.cve-2022-29537
  replicate: 0
  uv_lock_sha256: d40f029a976aa0fa02e0c8e88e34665e4bc7da301c748fc1a0752b19bce4ee70
  effective_config_path: effective_config.yaml
- run_id: c5b7e681-71eb-4856-8c70-2b5b0c3cb9c1
  cell: B1
  task: jq.cve-2023-50246
  replicate: 0
  uv_lock_sha256: d40f029a976aa0fa02e0c8e88e34665e4bc7da301c748fc1a0752b19bce4ee70
  effective_config_path: effective_config.yaml
- run_id: 7808ce7b-7ebe-4fc6-96d9-6ba4e0a62ace
  cell: B1
  task: libarchive.cve-2017-14503
  replicate: 0
  uv_lock_sha256: d40f029a976aa0fa02e0c8e88e34665e4bc7da301c748fc1a0752b19bce4ee70
  effective_config_path: effective_config.yaml
- run_id: 3316b74d-670d-4dc2-970a-2f0b0cf4c761
  cell: B1
  task: libarchive.cve-2019-11463
  replicate: 0
  uv_lock_sha256: d40f029a976aa0fa02e0c8e88e34665e4bc7da301c748fc1a0752b19bce4ee70
  effective_config_path: effective_config.yaml
- run_id: bfb322b6-f517-46d5-9275-e65f3e321e9c
  cell: B1
  task: libarchive.cve-2020-21674
  replicate: 0
  uv_lock_sha256: d40f029a976aa0fa02e0c8e88e34665e4bc7da301c748fc1a0752b19bce4ee70
  effective_config_path: effective_config.yaml
- run_id: dea07cb2-9145-49f5-b3f5-0006f96242c2
  cell: B1
  task: libheif.cve-2023-49460
  replicate: 0
  uv_lock_sha256: d40f029a976aa0fa02e0c8e88e34665e4bc7da301c748fc1a0752b19bce4ee70
  effective_config_path: effective_config.yaml
- run_id: 3b2c762f-db5f-43f3-854f-527fc4b6119f
  cell: B1
  task: libheif.cve-2023-49464
  replicate: 0
  uv_lock_sha256: d40f029a976aa0fa02e0c8e88e34665e4bc7da301c748fc1a0752b19bce4ee70
  effective_config_path: effective_config.yaml
- run_id: af0cece0-8abd-4b6b-abe5-83f6f331aaf7
  cell: B1
  task: libiec61850.cve-2021-45769
  replicate: 0
  uv_lock_sha256: d40f029a976aa0fa02e0c8e88e34665e4bc7da301c748fc1a0752b19bce4ee70
  effective_config_path: effective_config.yaml
- run_id: 0418784c-b975-4e4d-9383-add4688bb103
  cell: B1
  task: libiec61850.cve-2023-27772
  replicate: 0
  uv_lock_sha256: d40f029a976aa0fa02e0c8e88e34665e4bc7da301c748fc1a0752b19bce4ee70
  effective_config_path: effective_config.yaml
- run_id: 3b809fe3-0538-4157-ab15-19993e375400
  cell: B1
  task: libjpeg-turbo.cve-2020-13790
  replicate: 0
  uv_lock_sha256: d40f029a976aa0fa02e0c8e88e34665e4bc7da301c748fc1a0752b19bce4ee70
  effective_config_path: effective_config.yaml
- run_id: 9025a0f6-7382-4ed4-8250-8848403c7446
  cell: B1
  task: liblouis.cve-2023-26768
  replicate: 0
  uv_lock_sha256: d40f029a976aa0fa02e0c8e88e34665e4bc7da301c748fc1a0752b19bce4ee70
  effective_config_path: effective_config.yaml
- run_id: aea1fbe5-0063-4830-a5d8-c6b9ca1379c2
  cell: B1
  task: libmodbus.cve-2022-0367
  replicate: 0
  uv_lock_sha256: d40f029a976aa0fa02e0c8e88e34665e4bc7da301c748fc1a0752b19bce4ee70
  effective_config_path: effective_config.yaml
- run_id: e7b1c411-f66e-4fb4-afaf-560bef63dbce
  cell: B1
  task: libplist.cve-2017-5545
  replicate: 0
  uv_lock_sha256: d40f029a976aa0fa02e0c8e88e34665e4bc7da301c748fc1a0752b19bce4ee70
  effective_config_path: effective_config.yaml
- run_id: 16417018-4887-4dec-846f-abb23a4fd1bf
  cell: B1
  task: libredwg.cve-2020-21814
  replicate: 0
  uv_lock_sha256: d40f029a976aa0fa02e0c8e88e34665e4bc7da301c748fc1a0752b19bce4ee70
  effective_config_path: effective_config.yaml
- run_id: 15ab9a9e-45f6-49b5-b45f-2e741eb9f1ff
  cell: B1
  task: libredwg.cve-2020-21816
  replicate: 0
  uv_lock_sha256: d40f029a976aa0fa02e0c8e88e34665e4bc7da301c748fc1a0752b19bce4ee70
  effective_config_path: effective_config.yaml
- run_id: 0f3629c5-7e37-4f92-ac38-f24b8d11add3
  cell: B1
  task: libredwg.cve-2020-21817
  replicate: 0
  uv_lock_sha256: d40f029a976aa0fa02e0c8e88e34665e4bc7da301c748fc1a0752b19bce4ee70
  effective_config_path: effective_config.yaml
- run_id: 34ff0af6-fb8b-493f-ab20-3be60b6dcdac
  cell: B1
  task: libredwg.cve-2020-21818
  replicate: 0
  uv_lock_sha256: d40f029a976aa0fa02e0c8e88e34665e4bc7da301c748fc1a0752b19bce4ee70
  effective_config_path: effective_config.yaml
- run_id: 3a64b722-dbd1-42cf-8b30-d1c6e7475996
  cell: B1
  task: libredwg.cve-2020-21819
  replicate: 0
  uv_lock_sha256: d40f029a976aa0fa02e0c8e88e34665e4bc7da301c748fc1a0752b19bce4ee70
  effective_config_path: effective_config.yaml
- run_id: 5cd16ea2-0319-4bd6-ac45-2aa4909c6687
  cell: B1
  task: libredwg.cve-2020-21827
  replicate: 0
  uv_lock_sha256: d40f029a976aa0fa02e0c8e88e34665e4bc7da301c748fc1a0752b19bce4ee70
  effective_config_path: effective_config.yaml
- run_id: f4e55b30-fe1c-4a07-8531-9679acc4e732
  cell: B1
  task: libredwg.cve-2020-21834
  replicate: 0
  uv_lock_sha256: d40f029a976aa0fa02e0c8e88e34665e4bc7da301c748fc1a0752b19bce4ee70
  effective_config_path: effective_config.yaml
- run_id: 2abc7c0a-cd73-4184-bc42-55bc221a2c63
  cell: B1
  task: libredwg.cve-2020-23861
  replicate: 0
  uv_lock_sha256: d40f029a976aa0fa02e0c8e88e34665e4bc7da301c748fc1a0752b19bce4ee70
  effective_config_path: effective_config.yaml
- run_id: c4c32a11-bb41-4d0f-8f81-cb9205bf1fff
  cell: B1
  task: libredwg.cve-2020-6609
  replicate: 0
  uv_lock_sha256: d40f029a976aa0fa02e0c8e88e34665e4bc7da301c748fc1a0752b19bce4ee70
  effective_config_path: effective_config.yaml
- run_id: 7e71c3cd-6644-4f3c-8b5b-5a17a8b66604
  cell: B1
  task: libredwg.cve-2020-6612
  replicate: 0
  uv_lock_sha256: d40f029a976aa0fa02e0c8e88e34665e4bc7da301c748fc1a0752b19bce4ee70
  effective_config_path: effective_config.yaml
- run_id: ef63b1a7-4c69-4d8a-9f06-e905dd6804d7
  cell: B1
  task: libredwg.cve-2020-6614
  replicate: 0
  uv_lock_sha256: d40f029a976aa0fa02e0c8e88e34665e4bc7da301c748fc1a0752b19bce4ee70
  effective_config_path: effective_config.yaml
- run_id: aa3944d0-213d-49c8-a211-384c7abe8056
  cell: B1
  task: libredwg.cve-2020-6615
  replicate: 0
  uv_lock_sha256: d40f029a976aa0fa02e0c8e88e34665e4bc7da301c748fc1a0752b19bce4ee70
  effective_config_path: effective_config.yaml
- run_id: b0d603c1-983f-4429-b89b-c356105785db
  cell: B1
  task: libredwg.cve-2021-28236
  replicate: 0
  uv_lock_sha256: d40f029a976aa0fa02e0c8e88e34665e4bc7da301c748fc1a0752b19bce4ee70
  effective_config_path: effective_config.yaml
- run_id: 87a8958e-a0b6-45d7-9930-c1a65b36afbd
  cell: B1
  task: libredwg.cve-2021-28237
  replicate: 0
  uv_lock_sha256: d40f029a976aa0fa02e0c8e88e34665e4bc7da301c748fc1a0752b19bce4ee70
  effective_config_path: effective_config.yaml
- run_id: 56c3c1f4-e201-4641-bf55-08aef4ef5397
  cell: B1
  task: libredwg.cve-2021-39521
  replicate: 0
  uv_lock_sha256: d40f029a976aa0fa02e0c8e88e34665e4bc7da301c748fc1a0752b19bce4ee70
  effective_config_path: effective_config.yaml
- run_id: c5bca5eb-66fd-450a-8d11-5e6ab08e4809
  cell: B1
  task: libredwg.cve-2021-39521
  replicate: 0
  uv_lock_sha256: d40f029a976aa0fa02e0c8e88e34665e4bc7da301c748fc1a0752b19bce4ee70
  effective_config_path: effective_config.yaml
- run_id: 2e943026-e474-430f-ad8c-5fa7e51dedd3
  cell: B1
  task: libredwg.cve-2021-42585
  replicate: 0
  uv_lock_sha256: d40f029a976aa0fa02e0c8e88e34665e4bc7da301c748fc1a0752b19bce4ee70
  effective_config_path: effective_config.yaml
- run_id: d431e592-40df-48b1-ac57-45eae5e7d1e0
  cell: B1
  task: libredwg.cve-2021-42585
  replicate: 0
  uv_lock_sha256: d40f029a976aa0fa02e0c8e88e34665e4bc7da301c748fc1a0752b19bce4ee70
  effective_config_path: effective_config.yaml
- run_id: 377043ec-db44-4949-b353-0e963bac126b
  cell: B1
  task: libredwg.cve-2021-42586
  replicate: 0
  uv_lock_sha256: d40f029a976aa0fa02e0c8e88e34665e4bc7da301c748fc1a0752b19bce4ee70
  effective_config_path: effective_config.yaml
- run_id: 542bfed8-b085-476e-b243-afdcea89921d
  cell: B1
  task: libredwg.cve-2022-33034
  replicate: 0
  uv_lock_sha256: d40f029a976aa0fa02e0c8e88e34665e4bc7da301c748fc1a0752b19bce4ee70
  effective_config_path: effective_config.yaml
- run_id: a1a69820-5c20-4303-a258-0edee1c3e7f3
  cell: B1
  task: libredwg.cve-2022-33034
  replicate: 0
  uv_lock_sha256: d40f029a976aa0fa02e0c8e88e34665e4bc7da301c748fc1a0752b19bce4ee70
  effective_config_path: effective_config.yaml
- run_id: 70227ef3-f13e-4d3b-b6bf-faa9a3b53c36
  cell: B1
  task: libredwg.cve-2022-45332
  replicate: 0
  uv_lock_sha256: d40f029a976aa0fa02e0c8e88e34665e4bc7da301c748fc1a0752b19bce4ee70
  effective_config_path: effective_config.yaml
- run_id: fd94f75b-bbe7-4833-9b67-2f288775c095
  cell: B1
  task: libredwg.cve-2022-45332
  replicate: 0
  uv_lock_sha256: d40f029a976aa0fa02e0c8e88e34665e4bc7da301c748fc1a0752b19bce4ee70
  effective_config_path: effective_config.yaml
- run_id: 7f761d48-c361-4eed-869d-68d3be27ed46
  cell: B1
  task: libredwg.cve-2023-36273
  replicate: 0
  uv_lock_sha256: d40f029a976aa0fa02e0c8e88e34665e4bc7da301c748fc1a0752b19bce4ee70
  effective_config_path: effective_config.yaml
- run_id: dd463c9f-14d3-45ba-a532-703b9803847d
  cell: B1
  task: libredwg.cve-2023-36273
  replicate: 0
  uv_lock_sha256: d40f029a976aa0fa02e0c8e88e34665e4bc7da301c748fc1a0752b19bce4ee70
  effective_config_path: effective_config.yaml
- run_id: 175753ff-28b7-48e6-81c0-f67282433c69
  cell: B1
  task: libsndfile.cve-2018-19432
  replicate: 0
  uv_lock_sha256: d40f029a976aa0fa02e0c8e88e34665e4bc7da301c748fc1a0752b19bce4ee70
  effective_config_path: effective_config.yaml
- run_id: 0a9476d0-2348-4339-8c56-7d1c305e3993
  cell: B1
  task: libxls.cve-2023-38855
  replicate: 0
  uv_lock_sha256: d40f029a976aa0fa02e0c8e88e34665e4bc7da301c748fc1a0752b19bce4ee70
  effective_config_path: effective_config.yaml
- run_id: 2f44779a-c54d-4704-867f-9e6b7adc8637
  cell: B1
  task: matio.cve-2019-20017
  replicate: 0
  uv_lock_sha256: d40f029a976aa0fa02e0c8e88e34665e4bc7da301c748fc1a0752b19bce4ee70
  effective_config_path: effective_config.yaml
- run_id: a3a50694-cdb9-44c6-8159-9c0648c96f4c
  cell: B1
  task: matio.cve-2019-20018
  replicate: 0
  uv_lock_sha256: d40f029a976aa0fa02e0c8e88e34665e4bc7da301c748fc1a0752b19bce4ee70
  effective_config_path: effective_config.yaml
- run_id: a607c43c-293e-4b39-a92f-81dbc348aa21
  cell: B1
  task: matio.cve-2019-9032
  replicate: 0
  uv_lock_sha256: d40f029a976aa0fa02e0c8e88e34665e4bc7da301c748fc1a0752b19bce4ee70
  effective_config_path: effective_config.yaml
- run_id: 93302c5b-28e8-4963-a8e8-d0bbc53b1fc5
  cell: B1
  task: matio.cve-2019-9035
  replicate: 0
  uv_lock_sha256: d40f029a976aa0fa02e0c8e88e34665e4bc7da301c748fc1a0752b19bce4ee70
  effective_config_path: effective_config.yaml
- run_id: a28f74c8-429e-4119-b373-2566a0da6af4
  cell: B1
  task: matio.cve-2019-9036
  replicate: 0
  uv_lock_sha256: d40f029a976aa0fa02e0c8e88e34665e4bc7da301c748fc1a0752b19bce4ee70
  effective_config_path: effective_config.yaml
- run_id: 139aa17d-1a95-452c-ae29-f83f646ef107
  cell: B1
  task: matio.cve-2019-9037
  replicate: 0
  uv_lock_sha256: d40f029a976aa0fa02e0c8e88e34665e4bc7da301c748fc1a0752b19bce4ee70
  effective_config_path: effective_config.yaml
- run_id: 802c95b5-cf93-40d5-b4f9-90622e14801e
  cell: B1
  task: matio.cve-2020-19497
  replicate: 0
  uv_lock_sha256: d40f029a976aa0fa02e0c8e88e34665e4bc7da301c748fc1a0752b19bce4ee70
  effective_config_path: effective_config.yaml
- run_id: 7864db60-948d-495c-8990-b0d37b95a860
  cell: B1
  task: md4c.cve-2018-11545
  replicate: 0
  uv_lock_sha256: d40f029a976aa0fa02e0c8e88e34665e4bc7da301c748fc1a0752b19bce4ee70
  effective_config_path: effective_config.yaml
- run_id: e83c3f9f-243c-431d-9685-e287ac0c4ba1
  cell: B1
  task: md4c.cve-2020-26148
  replicate: 0
  uv_lock_sha256: d40f029a976aa0fa02e0c8e88e34665e4bc7da301c748fc1a0752b19bce4ee70
  effective_config_path: effective_config.yaml
- run_id: e7c9fb9d-e2c5-4c76-b841-43f9f9e78a72
  cell: B1
  task: md4c.cve-2021-30027
  replicate: 0
  uv_lock_sha256: d40f029a976aa0fa02e0c8e88e34665e4bc7da301c748fc1a0752b19bce4ee70
  effective_config_path: effective_config.yaml
- run_id: 05822b78-135e-4524-9ce2-e901c28531fc
  cell: B1
  task: mruby.cve-2018-10199
  replicate: 0
  uv_lock_sha256: d40f029a976aa0fa02e0c8e88e34665e4bc7da301c748fc1a0752b19bce4ee70
  effective_config_path: effective_config.yaml
- run_id: abe5213f-10f5-4a8b-8aed-9b05b99b3ede
  cell: B1
  task: mruby.cve-2018-10199
  replicate: 0
  uv_lock_sha256: d40f029a976aa0fa02e0c8e88e34665e4bc7da301c748fc1a0752b19bce4ee70
  effective_config_path: effective_config.yaml
- run_id: 01c7c020-c366-4faf-aeef-be0d0b183747
  cell: B1
  task: mruby.cve-2018-11743
  replicate: 0
  uv_lock_sha256: d40f029a976aa0fa02e0c8e88e34665e4bc7da301c748fc1a0752b19bce4ee70
  effective_config_path: effective_config.yaml
- run_id: 9ec5a1eb-e5a8-41b3-b9aa-4384525479f6
  cell: B1
  task: mruby.cve-2018-11743
  replicate: 0
  uv_lock_sha256: d40f029a976aa0fa02e0c8e88e34665e4bc7da301c748fc1a0752b19bce4ee70
  effective_config_path: effective_config.yaml
- run_id: 250e4296-2f3f-478d-8d49-ca4832ba3f72
  cell: B1
  task: mruby.cve-2018-12247
  replicate: 0
  uv_lock_sha256: d40f029a976aa0fa02e0c8e88e34665e4bc7da301c748fc1a0752b19bce4ee70
  effective_config_path: effective_config.yaml
- run_id: 732e2bae-304a-42a9-905d-9b84bc38170d
  cell: B1
  task: mruby.cve-2018-12247
  replicate: 0
  uv_lock_sha256: d40f029a976aa0fa02e0c8e88e34665e4bc7da301c748fc1a0752b19bce4ee70
  effective_config_path: effective_config.yaml
- run_id: 6698ab4b-597f-4250-af6e-9e1cb40cf35a
  cell: B1
  task: mruby.cve-2018-12248
  replicate: 0
  uv_lock_sha256: d40f029a976aa0fa02e0c8e88e34665e4bc7da301c748fc1a0752b19bce4ee70
  effective_config_path: effective_config.yaml
- run_id: b8e421e9-a422-41fc-82d9-b163e59345f2
  cell: B1
  task: mruby.cve-2018-12248
  replicate: 0
  uv_lock_sha256: d40f029a976aa0fa02e0c8e88e34665e4bc7da301c748fc1a0752b19bce4ee70
  effective_config_path: effective_config.yaml
- run_id: 4d2b6e49-fb6f-4f1f-b1f5-b63159c8fa0f
  cell: B1
  task: mruby.cve-2018-12249
  replicate: 0
  uv_lock_sha256: d40f029a976aa0fa02e0c8e88e34665e4bc7da301c748fc1a0752b19bce4ee70
  effective_config_path: effective_config.yaml
- run_id: 50593806-a6d5-4163-98c5-3a5d2c5f2859
  cell: B1
  task: mruby.cve-2018-12249
  replicate: 0
  uv_lock_sha256: d40f029a976aa0fa02e0c8e88e34665e4bc7da301c748fc1a0752b19bce4ee70
  effective_config_path: effective_config.yaml
- run_id: 8b24db16-3739-407e-9e3a-ca5c90db981f
  cell: B1
  task: mruby.cve-2018-14337
  replicate: 0
  uv_lock_sha256: d40f029a976aa0fa02e0c8e88e34665e4bc7da301c748fc1a0752b19bce4ee70
  effective_config_path: effective_config.yaml
- run_id: e73b9ba4-6c05-4985-affb-44fcdacfc7fa
  cell: B1
  task: mruby.cve-2018-14337
  replicate: 0
  uv_lock_sha256: d40f029a976aa0fa02e0c8e88e34665e4bc7da301c748fc1a0752b19bce4ee70
  effective_config_path: effective_config.yaml
- run_id: daf62f31-26c6-462c-b878-89c4b351ebba
  cell: B1
  task: njs.cve-2019-13617
  replicate: 0
  uv_lock_sha256: d40f029a976aa0fa02e0c8e88e34665e4bc7da301c748fc1a0752b19bce4ee70
  effective_config_path: effective_config.yaml
- run_id: e2df0357-fa15-4292-8d1e-e071aeb3a98c
  cell: B1
  task: njs.cve-2020-24348
  replicate: 0
  uv_lock_sha256: d40f029a976aa0fa02e0c8e88e34665e4bc7da301c748fc1a0752b19bce4ee70
  effective_config_path: effective_config.yaml
- run_id: 66494f28-976f-419d-beb9-da5b299b758d
  cell: B1
  task: njs.cve-2021-46462
  replicate: 0
  uv_lock_sha256: d40f029a976aa0fa02e0c8e88e34665e4bc7da301c748fc1a0752b19bce4ee70
  effective_config_path: effective_config.yaml
- run_id: 0c2968fd-246e-4486-90fe-82c80a34e7a9
  cell: B1
  task: njs.cve-2022-27007
  replicate: 0
  uv_lock_sha256: d40f029a976aa0fa02e0c8e88e34665e4bc7da301c748fc1a0752b19bce4ee70
  effective_config_path: effective_config.yaml
- run_id: 7ab076f4-013e-4696-9e12-c061c0dbf7e6
  cell: B1
  task: njs.cve-2022-28049
  replicate: 0
  uv_lock_sha256: d40f029a976aa0fa02e0c8e88e34665e4bc7da301c748fc1a0752b19bce4ee70
  effective_config_path: effective_config.yaml
- run_id: 2f5fcbfa-89a2-494d-b833-482b21ae87fb
  cell: B1
  task: njs.cve-2022-29369
  replicate: 0
  uv_lock_sha256: d40f029a976aa0fa02e0c8e88e34665e4bc7da301c748fc1a0752b19bce4ee70
  effective_config_path: effective_config.yaml
- run_id: fc1f595d-7799-4e2c-9f98-d3081f542d41
  cell: B1
  task: njs.cve-2022-29779
  replicate: 0
  uv_lock_sha256: d40f029a976aa0fa02e0c8e88e34665e4bc7da301c748fc1a0752b19bce4ee70
  effective_config_path: effective_config.yaml
- run_id: 3ba42d90-67a1-452d-8dee-30e0ffdde824
  cell: B1
  task: njs.cve-2022-29780
  replicate: 0
  uv_lock_sha256: d40f029a976aa0fa02e0c8e88e34665e4bc7da301c748fc1a0752b19bce4ee70
  effective_config_path: effective_config.yaml
- run_id: a74e2626-30c0-4bbe-9d8e-14c8d703f794
  cell: B1
  task: njs.cve-2022-31306
  replicate: 0
  uv_lock_sha256: d40f029a976aa0fa02e0c8e88e34665e4bc7da301c748fc1a0752b19bce4ee70
  effective_config_path: effective_config.yaml
- run_id: 299420c1-a986-45b6-9a7f-d248d0ba1e73
  cell: B1
  task: njs.cve-2022-31307
  replicate: 0
  uv_lock_sha256: d40f029a976aa0fa02e0c8e88e34665e4bc7da301c748fc1a0752b19bce4ee70
  effective_config_path: effective_config.yaml
- run_id: 2fe87c71-00c0-4816-9624-b3517e0692f1
  cell: B1
  task: njs.cve-2022-32414
  replicate: 0
  uv_lock_sha256: d40f029a976aa0fa02e0c8e88e34665e4bc7da301c748fc1a0752b19bce4ee70
  effective_config_path: effective_config.yaml
- run_id: f69debec-cb25-4754-bd4c-8f5d4c6d1f17
  cell: B1
  task: njs.cve-2022-34029
  replicate: 0
  uv_lock_sha256: d40f029a976aa0fa02e0c8e88e34665e4bc7da301c748fc1a0752b19bce4ee70
  effective_config_path: effective_config.yaml
- run_id: aff7d60b-e5c2-45b1-a9be-07edf0b7767c
  cell: B1
  task: njs.cve-2022-38890
  replicate: 0
  uv_lock_sha256: d40f029a976aa0fa02e0c8e88e34665e4bc7da301c748fc1a0752b19bce4ee70
  effective_config_path: effective_config.yaml
- run_id: 0fb7eb7a-a46e-43ff-97a4-71b61c72032d
  cell: B1
  task: njs.cve-2022-43284
  replicate: 0
  uv_lock_sha256: d40f029a976aa0fa02e0c8e88e34665e4bc7da301c748fc1a0752b19bce4ee70
  effective_config_path: effective_config.yaml
- run_id: abcfe541-9382-4d22-a9ce-8efeee343ef6
  cell: B1
  task: njs.cve-2023-27727
  replicate: 0
  uv_lock_sha256: d40f029a976aa0fa02e0c8e88e34665e4bc7da301c748fc1a0752b19bce4ee70
  effective_config_path: effective_config.yaml
- run_id: a854d1f2-3070-454b-86aa-2a07a15514af
  cell: B1
  task: njs.cve-2023-27728
  replicate: 0
  uv_lock_sha256: d40f029a976aa0fa02e0c8e88e34665e4bc7da301c748fc1a0752b19bce4ee70
  effective_config_path: effective_config.yaml
- run_id: 68969242-bbe5-415c-b157-0d494828c594
  cell: B1
  task: njs.cve-2023-27730
  replicate: 0
  uv_lock_sha256: d40f029a976aa0fa02e0c8e88e34665e4bc7da301c748fc1a0752b19bce4ee70
  effective_config_path: effective_config.yaml
- run_id: b57fdddd-2f0e-4be4-9cb4-5b6036f105f5
  cell: B1
  task: openexr.cve-2020-16587
  replicate: 0
  uv_lock_sha256: d40f029a976aa0fa02e0c8e88e34665e4bc7da301c748fc1a0752b19bce4ee70
  effective_config_path: effective_config.yaml
- run_id: 352c2623-85dc-4db7-be15-8168b67ef352
  cell: B1
  task: openexr.cve-2020-16588
  replicate: 0
  uv_lock_sha256: d40f029a976aa0fa02e0c8e88e34665e4bc7da301c748fc1a0752b19bce4ee70
  effective_config_path: effective_config.yaml
- run_id: b031686b-350c-4e85-9ac0-a7e61b0b48b8
  cell: B1
  task: openexr.cve-2020-16589
  replicate: 0
  uv_lock_sha256: d40f029a976aa0fa02e0c8e88e34665e4bc7da301c748fc1a0752b19bce4ee70
  effective_config_path: effective_config.yaml
- run_id: ec3d5586-f186-4531-a088-1024fc9a7479
  cell: B1
  task: openjpeg.cve-2016-10507
  replicate: 0
  uv_lock_sha256: d40f029a976aa0fa02e0c8e88e34665e4bc7da301c748fc1a0752b19bce4ee70
  effective_config_path: effective_config.yaml
- run_id: 0819f208-a27c-4bdc-a729-445dcb186321
  cell: B1
  task: openjpeg.cve-2016-7445
  replicate: 0
  uv_lock_sha256: d40f029a976aa0fa02e0c8e88e34665e4bc7da301c748fc1a0752b19bce4ee70
  effective_config_path: effective_config.yaml
- run_id: 047a9a47-5ebe-4826-8ee0-c0070ff819d3
  cell: B1
  task: openjpeg.cve-2017-14041
  replicate: 0
  uv_lock_sha256: d40f029a976aa0fa02e0c8e88e34665e4bc7da301c748fc1a0752b19bce4ee70
  effective_config_path: effective_config.yaml
- run_id: a07a85b9-f590-41b6-a60d-9c93bb76b4a5
  cell: B1
  task: openjpeg.cve-2021-3575
  replicate: 0
  uv_lock_sha256: d40f029a976aa0fa02e0c8e88e34665e4bc7da301c748fc1a0752b19bce4ee70
  effective_config_path: effective_config.yaml
- run_id: 0d5c2de6-0f25-43cc-bfa5-fa07bfa382bf
  cell: B1
  task: openjpeg.cve-2024-56827
  replicate: 0
  uv_lock_sha256: d40f029a976aa0fa02e0c8e88e34665e4bc7da301c748fc1a0752b19bce4ee70
  effective_config_path: effective_config.yaml
- run_id: 7ad15bc7-2db5-4966-ad7e-fafbc735ee5e
  cell: B1
  task: qpdf.cve-2021-36978
  replicate: 0
  uv_lock_sha256: d40f029a976aa0fa02e0c8e88e34665e4bc7da301c748fc1a0752b19bce4ee70
  effective_config_path: effective_config.yaml
- run_id: a637a7f7-2b7c-459f-b97a-954b16c5a9ee
  cell: B1
  task: readstat.cve-2018-5698
  replicate: 0
  uv_lock_sha256: d40f029a976aa0fa02e0c8e88e34665e4bc7da301c748fc1a0752b19bce4ee70
  effective_config_path: effective_config.yaml
- run_id: 7be3a678-dfd7-4724-9aec-9a31255db5c0
  cell: B1
  task: upx.cve-2017-15056
  replicate: 0
  uv_lock_sha256: d40f029a976aa0fa02e0c8e88e34665e4bc7da301c748fc1a0752b19bce4ee70
  effective_config_path: effective_config.yaml
- run_id: 90e2f38a-56ee-4089-b200-3261532b6083
  cell: B1
  task: upx.cve-2020-27787
  replicate: 0
  uv_lock_sha256: d40f029a976aa0fa02e0c8e88e34665e4bc7da301c748fc1a0752b19bce4ee70
  effective_config_path: effective_config.yaml
- run_id: 3f073e0a-8730-4c02-8a32-006e3779c118
  cell: B1
  task: upx.cve-2023-23457
  replicate: 0
  uv_lock_sha256: d40f029a976aa0fa02e0c8e88e34665e4bc7da301c748fc1a0752b19bce4ee70
  effective_config_path: effective_config.yaml
