study_id: b1-batch-autogen
rendered_at: '2026-05-15T15:44:24.780903Z'
design_sha: 6c528d5d6311ad88ad13233081b589c4c9ce7011
enrollment:
- run_id: 62353082-ead3-4850-aedb-0e5638436d4e
  cell: B1
  task: exiv2.cve-2017-14857
  replicate: 0
  uv_lock_sha256: d40f029a976aa0fa02e0c8e88e34665e4bc7da301c748fc1a0752b19bce4ee70
  effective_config_path: effective_config.yaml
- run_id: 7a4ecbec-c551-4d59-b0ee-c7cfefec550e
  cell: B1
  task: exiv2.cve-2017-14859
  replicate: 0
  uv_lock_sha256: d40f029a976aa0fa02e0c8e88e34665e4bc7da301c748fc1a0752b19bce4ee70
  effective_config_path: effective_config.yaml
- run_id: 9ae66098-c667-4df1-9315-c3715618682b
  cell: B1
  task: exiv2.cve-2017-14864
  replicate: 0
  uv_lock_sha256: d40f029a976aa0fa02e0c8e88e34665e4bc7da301c748fc1a0752b19bce4ee70
  effective_config_path: effective_config.yaml
- run_id: 92960c1a-7204-4b3d-88b7-22be1a45a964
  cell: B1
  task: exiv2.cve-2017-17669
  replicate: 0
  uv_lock_sha256: d40f029a976aa0fa02e0c8e88e34665e4bc7da301c748fc1a0752b19bce4ee70
  effective_config_path: effective_config.yaml
- run_id: 94871017-48fe-4d91-8f44-634cf00a5c06
  cell: B1
  task: exiv2.cve-2017-17723
  replicate: 0
  uv_lock_sha256: d40f029a976aa0fa02e0c8e88e34665e4bc7da301c748fc1a0752b19bce4ee70
  effective_config_path: effective_config.yaml
- run_id: 093a6eb7-0458-48bf-837b-2e1cada52af3
  cell: B1
  task: exiv2.cve-2017-18005
  replicate: 0
  uv_lock_sha256: d40f029a976aa0fa02e0c8e88e34665e4bc7da301c748fc1a0752b19bce4ee70
  effective_config_path: effective_config.yaml
- run_id: a8b8accc-caa1-426c-882b-9653afec7c05
  cell: B1
  task: exiv2.cve-2018-17229
  replicate: 0
  uv_lock_sha256: d40f029a976aa0fa02e0c8e88e34665e4bc7da301c748fc1a0752b19bce4ee70
  effective_config_path: effective_config.yaml
- run_id: ad1ac770-f7f0-4d0e-b936-74c485243b25
  cell: B1
  task: exiv2.cve-2018-17230
  replicate: 0
  uv_lock_sha256: d40f029a976aa0fa02e0c8e88e34665e4bc7da301c748fc1a0752b19bce4ee70
  effective_config_path: effective_config.yaml
- run_id: 5c277eb6-1022-4f5c-b1ab-bb90c8b4fb6f
  cell: B1
  task: exiv2.cve-2018-19607
  replicate: 0
  uv_lock_sha256: d40f029a976aa0fa02e0c8e88e34665e4bc7da301c748fc1a0752b19bce4ee70
  effective_config_path: effective_config.yaml
- run_id: b41fd62d-7393-4d68-ad9c-a746b334dd58
  cell: B1
  task: exiv2.cve-2020-18899
  replicate: 0
  uv_lock_sha256: d40f029a976aa0fa02e0c8e88e34665e4bc7da301c748fc1a0752b19bce4ee70
  effective_config_path: effective_config.yaml
- run_id: ae19708e-db56-4317-8e89-fc315aa58ca0
  cell: B1
  task: faad2.cve-2018-20194
  replicate: 0
  uv_lock_sha256: d40f029a976aa0fa02e0c8e88e34665e4bc7da301c748fc1a0752b19bce4ee70
  effective_config_path: effective_config.yaml
- run_id: 86bdfc86-f5f1-4f6e-ac3f-4c0a7635e804
  cell: B1
  task: faad2.cve-2018-20195
  replicate: 0
  uv_lock_sha256: d40f029a976aa0fa02e0c8e88e34665e4bc7da301c748fc1a0752b19bce4ee70
  effective_config_path: effective_config.yaml
- run_id: 11f67531-cf9a-48b0-a46b-e84dd2c20b9c
  cell: B1
  task: faad2.cve-2018-20196
  replicate: 0
  uv_lock_sha256: d40f029a976aa0fa02e0c8e88e34665e4bc7da301c748fc1a0752b19bce4ee70
  effective_config_path: effective_config.yaml
- run_id: 052112e1-f127-49ee-a637-e31c01151388
  cell: B1
  task: faad2.cve-2018-20197
  replicate: 0
  uv_lock_sha256: d40f029a976aa0fa02e0c8e88e34665e4bc7da301c748fc1a0752b19bce4ee70
  effective_config_path: effective_config.yaml
- run_id: 474a6e76-2c22-49d8-a275-5e040e1979bd
  cell: B1
  task: faad2.cve-2018-20198
  replicate: 0
  uv_lock_sha256: d40f029a976aa0fa02e0c8e88e34665e4bc7da301c748fc1a0752b19bce4ee70
  effective_config_path: effective_config.yaml
- run_id: 9a48fcea-080d-4d86-a944-ec5e275cb0d0
  cell: B1
  task: faad2.cve-2018-20357
  replicate: 0
  uv_lock_sha256: d40f029a976aa0fa02e0c8e88e34665e4bc7da301c748fc1a0752b19bce4ee70
  effective_config_path: effective_config.yaml
- run_id: a4257f01-724d-4731-95a1-37393ad54d35
  cell: B1
  task: faad2.cve-2018-20358
  replicate: 0
  uv_lock_sha256: d40f029a976aa0fa02e0c8e88e34665e4bc7da301c748fc1a0752b19bce4ee70
  effective_config_path: effective_config.yaml
- run_id: 93eb0a97-03dc-4b13-a5ed-75e6b92c0862
  cell: B1
  task: faad2.cve-2018-20359
  replicate: 0
  uv_lock_sha256: d40f029a976aa0fa02e0c8e88e34665e4bc7da301c748fc1a0752b19bce4ee70
  effective_config_path: effective_config.yaml
- run_id: 80c614a5-a00e-47a1-a3da-d7db75831f20
  cell: B1
  task: faad2.cve-2018-20361
  replicate: 0
  uv_lock_sha256: d40f029a976aa0fa02e0c8e88e34665e4bc7da301c748fc1a0752b19bce4ee70
  effective_config_path: effective_config.yaml
- run_id: 6859ebea-a71a-4d9b-9493-e036c36b99c6
  cell: B1
  task: faad2.cve-2018-20362
  replicate: 0
  uv_lock_sha256: d40f029a976aa0fa02e0c8e88e34665e4bc7da301c748fc1a0752b19bce4ee70
  effective_config_path: effective_config.yaml
