study_id: 2026-05-13-my-study
rendered_at: '2026-05-14T15:53:31.568937Z'
design_sha: 945153fb7e573c3521f9be47fc3e7c35cb7a24c0
enrollment:
- run_id: 5e9f8ec9-5c3c-4499-aed8-912a2ddfaa2c
  cell: B1
  task: exiv2.cve-2017-14857
  replicate: 0
  uv_lock_sha256: d40f029a976aa0fa02e0c8e88e34665e4bc7da301c748fc1a0752b19bce4ee70
  effective_config_path: effective_config.yaml
- run_id: 03201ffe-3c92-4e0a-93ca-2b9d15519558
  cell: B1
  task: exiv2.cve-2017-14864
  replicate: 0
  uv_lock_sha256: d40f029a976aa0fa02e0c8e88e34665e4bc7da301c748fc1a0752b19bce4ee70
  effective_config_path: effective_config.yaml
- run_id: 064fbe16-19cd-4e7a-a81d-6d107e210fac
  cell: B1
  task: exiv2.cve-2017-17669
  replicate: 0
  uv_lock_sha256: d40f029a976aa0fa02e0c8e88e34665e4bc7da301c748fc1a0752b19bce4ee70
  effective_config_path: effective_config.yaml
- run_id: f82b94a7-3445-4a96-8601-a4adc8b281a3
  cell: B1
  task: exiv2.cve-2018-19607
  replicate: 0
  uv_lock_sha256: d40f029a976aa0fa02e0c8e88e34665e4bc7da301c748fc1a0752b19bce4ee70
  effective_config_path: effective_config.yaml
- run_id: 8291ba2a-bc96-46ee-a759-6612cf828a6c
  cell: B1
  task: faad2.cve-2018-20198
  replicate: 0
  uv_lock_sha256: d40f029a976aa0fa02e0c8e88e34665e4bc7da301c748fc1a0752b19bce4ee70
  effective_config_path: effective_config.yaml
- run_id: 7fa3c3ed-ae97-437a-90ff-4b36af3545ed
  cell: B1
  task: faad2.cve-2021-32272
  replicate: 0
  uv_lock_sha256: d40f029a976aa0fa02e0c8e88e34665e4bc7da301c748fc1a0752b19bce4ee70
  effective_config_path: effective_config.yaml
- run_id: cf6a284e-7449-4875-a56d-b83bb1c0b108
  cell: B1
  task: gpac.cve-2021-40575
  replicate: 0
  uv_lock_sha256: d40f029a976aa0fa02e0c8e88e34665e4bc7da301c748fc1a0752b19bce4ee70
  effective_config_path: effective_config.yaml
- run_id: ee53f20d-4fb1-4a19-8952-941d15cef51f
  cell: B1
  task: gpac.cve-2022-1795
  replicate: 0
  uv_lock_sha256: d40f029a976aa0fa02e0c8e88e34665e4bc7da301c748fc1a0752b19bce4ee70
  effective_config_path: effective_config.yaml
- run_id: bd1ba77c-4738-4dd4-9fe1-bc1136214c48
  cell: B1
  task: gpac.cve-2023-2840
  replicate: 0
  uv_lock_sha256: d40f029a976aa0fa02e0c8e88e34665e4bc7da301c748fc1a0752b19bce4ee70
  effective_config_path: effective_config.yaml
- run_id: 990beec2-4ec0-4921-8885-9f26de02f509
  cell: B1
  task: gpac.cve-2023-5586
  replicate: 0
  uv_lock_sha256: d40f029a976aa0fa02e0c8e88e34665e4bc7da301c748fc1a0752b19bce4ee70
  effective_config_path: effective_config.yaml
- run_id: c9dfee4b-a0b1-4105-b575-7cf045236abf
  cell: B1
  task: imagemagick.cve-2019-13309
  replicate: 0
  uv_lock_sha256: d40f029a976aa0fa02e0c8e88e34665e4bc7da301c748fc1a0752b19bce4ee70
  effective_config_path: effective_config.yaml
- run_id: d5610405-ebc4-473b-95d9-a129ae2af063
  cell: B1
  task: mruby.cve-2022-0240
  replicate: 0
  uv_lock_sha256: d40f029a976aa0fa02e0c8e88e34665e4bc7da301c748fc1a0752b19bce4ee70
  effective_config_path: effective_config.yaml
- run_id: bff8dbf3-30d2-4dc3-a7d9-55d114ed1060
  cell: B1
  task: njs.cve-2022-28049
  replicate: 0
  uv_lock_sha256: d40f029a976aa0fa02e0c8e88e34665e4bc7da301c748fc1a0752b19bce4ee70
  effective_config_path: effective_config.yaml
- run_id: 5f51f7f5-9975-4e8a-986e-3fc9011f747e
  cell: B1
  task: njs.cve-2022-32414
  replicate: 0
  uv_lock_sha256: d40f029a976aa0fa02e0c8e88e34665e4bc7da301c748fc1a0752b19bce4ee70
  effective_config_path: effective_config.yaml
- run_id: 6fbd7cc8-c663-41e3-931c-cbc49001f7ed
  cell: B1
  task: njs.cve-2022-38890
  replicate: 0
  uv_lock_sha256: d40f029a976aa0fa02e0c8e88e34665e4bc7da301c748fc1a0752b19bce4ee70
  effective_config_path: effective_config.yaml
- run_id: 174da69d-6a09-49f6-89b7-c25225731e50
  cell: B1
  task: openjpeg.cve-2016-7445
  replicate: 0
  uv_lock_sha256: d40f029a976aa0fa02e0c8e88e34665e4bc7da301c748fc1a0752b19bce4ee70
  effective_config_path: effective_config.yaml
- run_id: 668ca09d-12b8-417b-bc60-cba824b43b85
  cell: C1
  task: faad2.cve-2021-32272
  replicate: 0
  uv_lock_sha256: d40f029a976aa0fa02e0c8e88e34665e4bc7da301c748fc1a0752b19bce4ee70
  effective_config_path: effective_config.yaml
- run_id: 4f3c96e5-4139-46b8-992b-bf859b23b531
  cell: C1
  task: gpac.cve-2023-5586
  replicate: 0
  uv_lock_sha256: d40f029a976aa0fa02e0c8e88e34665e4bc7da301c748fc1a0752b19bce4ee70
  effective_config_path: effective_config.yaml
- run_id: 7c009547-757d-4c38-b6be-7e20ded4c002
  cell: C1
  task: imagemagick.cve-2019-13309
  replicate: 0
  uv_lock_sha256: d40f029a976aa0fa02e0c8e88e34665e4bc7da301c748fc1a0752b19bce4ee70
  effective_config_path: effective_config.yaml
- run_id: 4172c619-ba61-4123-b01c-393f274a41a9
  cell: C1
  task: mruby.cve-2022-0240
  replicate: 0
  uv_lock_sha256: d40f029a976aa0fa02e0c8e88e34665e4bc7da301c748fc1a0752b19bce4ee70
  effective_config_path: effective_config.yaml
- run_id: 607c7feb-be93-4d19-a15b-8c4140b1a422
  cell: C1
  task: njs.cve-2022-28049
  replicate: 0
  uv_lock_sha256: d40f029a976aa0fa02e0c8e88e34665e4bc7da301c748fc1a0752b19bce4ee70
  effective_config_path: effective_config.yaml
- run_id: 1d8b2ff1-ee26-49ee-9126-d1806613804f
  cell: C1
  task: openjpeg.cve-2016-7445
  replicate: 0
  uv_lock_sha256: d40f029a976aa0fa02e0c8e88e34665e4bc7da301c748fc1a0752b19bce4ee70
  effective_config_path: effective_config.yaml
