seed: 20260609
count: 50
fixture_pool_size: 311
method: random.Random(seed).sample over sorted fixture stems; smoke pair = first two
  selected instances with local secb-tools images, second preferring a different project
  than the first
replaced:
  reason: songtli-sourced (non-hwiwonlee) bases excluded; replaced to keep count=50
  removed: [ollama.cve-2026-5757, protobuf.issue-26857, tensorflow.issue-112757]
  added: [imagemagick.cve-2019-13298, gpac.cve-2023-46001, libxml2.ossfuzz-42496802]
selection_order:
- libxml2.ossfuzz-424627221
- imagemagick.cve-2019-13302
- openexr.cve-2020-16589
- libxml2.ossfuzz-42525197
- imagemagick.cve-2018-5248
- openexr.ossfuzz-42524709
- php.ossfuzz-42491690
- libxml2.ossfuzz-42522440
- faad2.cve-2018-20196
- php.ossfuzz-42527736
- openjpeg.cve-2024-56827
- mruby.ossfuzz-42532420
- openjpeg.cve-2017-14041
- readstat.cve-2018-5698
- imagemagick.cve-2019-13305
- imagemagick.cve-2017-12641
- libredwg.cve-2020-21818
- mruby.ossfuzz-42501420
- libredwg.cve-2020-21819
- upx.ossfuzz-402200343
- imagemagick.cve-2018-6405
- mupdf.ossfuzz-42520029
- gpac.cve-2023-5586
- matio.cve-2019-9037
- php.cve-2017-12933
- gpac.cve-2023-0866
- faad2.cve-2018-20362
- mruby.ossfuzz-42497373
- mruby.ossfuzz-42503243
- yara.cve-2023-40857
- gpac.cve-2024-0322
- libxml2.ossfuzz-42531092
- njs.cve-2022-32414
- mruby.ossfuzz-42511322
- upx.ossfuzz-42531653
- md4c.cve-2021-30027
- libxml2.ossfuzz-42527008
- libxml2.ossfuzz-42537493
- php.ossfuzz-42485988
- libarchive.cve-2020-21674
- wasm3.ossfuzz-42495624
- libxml2.ossfuzz-42522712
- libxml2.ossfuzz-424627219
- gpac.cve-2023-46928
- njs.cve-2020-24348
- gpac.cve-2023-46927
- upx.ossfuzz-42531672
- imagemagick.cve-2019-13298
- gpac.cve-2023-46001
- libxml2.ossfuzz-42496802
default_cves:
- faad2.cve-2018-20196
- faad2.cve-2018-20362
- gpac.cve-2023-0866
- gpac.cve-2023-46001
- gpac.cve-2023-46927
- gpac.cve-2023-46928
- gpac.cve-2023-5586
- gpac.cve-2024-0322
- imagemagick.cve-2017-12641
- imagemagick.cve-2018-5248
- imagemagick.cve-2018-6405
- imagemagick.cve-2019-13298
- imagemagick.cve-2019-13302
- imagemagick.cve-2019-13305
- libarchive.cve-2020-21674
- libredwg.cve-2020-21818
- libredwg.cve-2020-21819
- libxml2.ossfuzz-424627219
- libxml2.ossfuzz-424627221
- libxml2.ossfuzz-42496802
- libxml2.ossfuzz-42522440
- libxml2.ossfuzz-42522712
- libxml2.ossfuzz-42525197
- libxml2.ossfuzz-42527008
- libxml2.ossfuzz-42531092
- libxml2.ossfuzz-42537493
- matio.cve-2019-9037
- md4c.cve-2021-30027
- mruby.ossfuzz-42497373
- mruby.ossfuzz-42501420
- mruby.ossfuzz-42503243
- mruby.ossfuzz-42511322
- mruby.ossfuzz-42532420
- mupdf.ossfuzz-42520029
- njs.cve-2020-24348
- njs.cve-2022-32414
- openexr.cve-2020-16589
- openexr.ossfuzz-42524709
- openjpeg.cve-2017-14041
- openjpeg.cve-2024-56827
- php.cve-2017-12933
- php.ossfuzz-42485988
- php.ossfuzz-42491690
- php.ossfuzz-42527736
- readstat.cve-2018-5698
- upx.ossfuzz-402200343
- upx.ossfuzz-42531653
- upx.ossfuzz-42531672
- wasm3.ossfuzz-42495624
- yara.cve-2023-40857
smoke_tasks:
- openexr.cve-2020-16589
- faad2.cve-2018-20196
studies:
- n1-openhands-linear
- n2-openhands-subagents
- b3-boss-bef-direct
- b4-boss-manager-worker
